// !$*UTF8*$!
{
	archiveVersion = 1;
	classes = {
	};
	objectVersion = 46;
	objects = {

/* Begin PBXBuildFile section */
		AD8855791E6025E400159E02 /* Exp0ViewController.m in Sources */ = {isa = PBXBuildFile; fileRef = AD8855491E6025E300159E02 /* Exp0ViewController.m */; };
		AD88557A1E6025E400159E02 /* Exp10ViewController.m in Sources */ = {isa = PBXBuildFile; fileRef = AD88554B1E6025E300159E02 /* Exp10ViewController.m */; };
		AD88557B1E6025E400159E02 /* Exp11ViewController.m in Sources */ = {isa = PBXBuildFile; fileRef = AD88554D1E6025E300159E02 /* Exp11ViewController.m */; };
		AD88557C1E6025E400159E02 /* Exp12ViewController.m in Sources */ = {isa = PBXBuildFile; fileRef = AD88554F1E6025E400159E02 /* Exp12ViewController.m */; };
		AD88557D1E6025E400159E02 /* Exp13ViewController.m in Sources */ = {isa = PBXBuildFile; fileRef = AD8855511E6025E400159E02 /* Exp13ViewController.m */; };
		AD88557E1E6025E400159E02 /* Exp14ViewController.m in Sources */ = {isa = PBXBuildFile; fileRef = AD8855531E6025E400159E02 /* Exp14ViewController.m */; };
		AD88557F1E6025E400159E02 /* Exp15ViewController.m in Sources */ = {isa = PBXBuildFile; fileRef = AD8855551E6025E400159E02 /* Exp15ViewController.m */; };
		AD8855801E6025E400159E02 /* Exp16ViewController.m in Sources */ = {isa = PBXBuildFile; fileRef = AD8855571E6025E400159E02 /* Exp16ViewController.m */; };
		AD8855811E6025E400159E02 /* Exp17ViewController.m in Sources */ = {isa = PBXBuildFile; fileRef = AD8855591E6025E400159E02 /* Exp17ViewController.m */; };
		AD8855821E6025E400159E02 /* Exp18ViewController.m in Sources */ = {isa = PBXBuildFile; fileRef = AD88555B1E6025E400159E02 /* Exp18ViewController.m */; };
		AD8855831E6025E400159E02 /* Exp19ViewController.m in Sources */ = {isa = PBXBuildFile; fileRef = AD88555D1E6025E400159E02 /* Exp19ViewController.m */; };
		AD8855841E6025E400159E02 /* Exp1ViewController.m in Sources */ = {isa = PBXBuildFile; fileRef = AD88555F1E6025E400159E02 /* Exp1ViewController.m */; };
		AD8855851E6025E400159E02 /* Exp20ViewController.m in Sources */ = {isa = PBXBuildFile; fileRef = AD8855611E6025E400159E02 /* Exp20ViewController.m */; };
		AD8855861E6025E400159E02 /* Exp2ViewController.m in Sources */ = {isa = PBXBuildFile; fileRef = AD8855631E6025E400159E02 /* Exp2ViewController.m */; };
		AD8855871E6025E400159E02 /* Exp3ViewController.m in Sources */ = {isa = PBXBuildFile; fileRef = AD8855651E6025E400159E02 /* Exp3ViewController.m */; };
		AD8855881E6025E400159E02 /* Exp4ViewController.m in Sources */ = {isa = PBXBuildFile; fileRef = AD8855671E6025E400159E02 /* Exp4ViewController.m */; };
		AD8855891E6025E400159E02 /* Exp5ViewController.m in Sources */ = {isa = PBXBuildFile; fileRef = AD8855691E6025E400159E02 /* Exp5ViewController.m */; };
		AD88558A1E6025E400159E02 /* Exp6ViewController.m in Sources */ = {isa = PBXBuildFile; fileRef = AD88556B1E6025E400159E02 /* Exp6ViewController.m */; };
		AD88558B1E6025E400159E02 /* Exp7ViewController.m in Sources */ = {isa = PBXBuildFile; fileRef = AD88556D1E6025E400159E02 /* Exp7ViewController.m */; };
		AD88558C1E6025E400159E02 /* Exp8ViewController.m in Sources */ = {isa = PBXBuildFile; fileRef = AD88556F1E6025E400159E02 /* Exp8ViewController.m */; };
		AD88558D1E6025E400159E02 /* Exp9ViewController.m in Sources */ = {isa = PBXBuildFile; fileRef = AD8855711E6025E400159E02 /* Exp9ViewController.m */; };
		AD88558E1E6025E400159E02 /* ExpRootViewController.m in Sources */ = {isa = PBXBuildFile; fileRef = AD8855731E6025E400159E02 /* ExpRootViewController.m */; };
		AD88558F1E6025E400159E02 /* UIColor+ZExtension.m in Sources */ = {isa = PBXBuildFile; fileRef = AD8855761E6025E400159E02 /* UIColor+ZExtension.m */; };
		AD8855901E6025E400159E02 /* UIView+ZExtension.m in Sources */ = {isa = PBXBuildFile; fileRef = AD8855781E6025E400159E02 /* UIView+ZExtension.m */; };
		AD9C800E1E5AD3E7005C2AFA /* main.m in Sources */ = {isa = PBXBuildFile; fileRef = AD9C800D1E5AD3E7005C2AFA /* main.m */; };
		AD9C80111E5AD3E7005C2AFA /* AppDelegate.m in Sources */ = {isa = PBXBuildFile; fileRef = AD9C80101E5AD3E7005C2AFA /* AppDelegate.m */; };
		AD9C80141E5AD3E7005C2AFA /* ViewController.m in Sources */ = {isa = PBXBuildFile; fileRef = AD9C80131E5AD3E7005C2AFA /* ViewController.m */; };
		AD9C80171E5AD3E7005C2AFA /* Main.storyboard in Resources */ = {isa = PBXBuildFile; fileRef = AD9C80151E5AD3E7005C2AFA /* Main.storyboard */; };
		AD9C80191E5AD3E7005C2AFA /* Assets.xcassets in Resources */ = {isa = PBXBuildFile; fileRef = AD9C80181E5AD3E7005C2AFA /* Assets.xcassets */; };
		AD9C801C1E5AD3E7005C2AFA /* LaunchScreen.storyboard in Resources */ = {isa = PBXBuildFile; fileRef = AD9C801A1E5AD3E7005C2AFA /* LaunchScreen.storyboard */; };
/* End PBXBuildFile section */

/* Begin PBXFileReference section */
		AD8855481E6025E300159E02 /* Exp0ViewController.h */ = {isa = PBXFileReference; fileEncoding = 4; lastKnownFileType = sourcecode.c.h; path = Exp0ViewController.h; sourceTree = "<group>"; };
		AD8855491E6025E300159E02 /* Exp0ViewController.m */ = {isa = PBXFileReference; fileEncoding = 4; lastKnownFileType = sourcecode.c.objc; path = Exp0ViewController.m; sourceTree = "<group>"; };
		AD88554A1E6025E300159E02 /* Exp10ViewController.h */ = {isa = PBXFileReference; fileEncoding = 4; lastKnownFileType = sourcecode.c.h; path = Exp10ViewController.h; sourceTree = "<group>"; };
		AD88554B1E6025E300159E02 /* Exp10ViewController.m */ = {isa = PBXFileReference; fileEncoding = 4; lastKnownFileType = sourcecode.c.objc; path = Exp10ViewController.m; sourceTree = "<group>"; };
		AD88554C1E6025E300159E02 /* Exp11ViewController.h */ = {isa = PBXFileReference; fileEncoding = 4; lastKnownFileType = sourcecode.c.h; path = Exp11ViewController.h; sourceTree = "<group>"; };
		AD88554D1E6025E300159E02 /* Exp11ViewController.m */ = {isa = PBXFileReference; fileEncoding = 4; lastKnownFileType = sourcecode.c.objc; path = Exp11ViewController.m; sourceTree = "<group>"; };
		AD88554E1E6025E300159E02 /* Exp12ViewController.h */ = {isa = PBXFileReference; fileEncoding = 4; lastKnownFileType = sourcecode.c.h; path = Exp12ViewController.h; sourceTree = "<group>"; };
		AD88554F1E6025E400159E02 /* Exp12ViewController.m */ = {isa = PBXFileReference; fileEncoding = 4; lastKnownFileType = sourcecode.c.objc; path = Exp12ViewController.m; sourceTree = "<group>"; };
		AD8855501E6025E400159E02 /* Exp13ViewController.h */ = {isa = PBXFileReference; fileEncoding = 4; lastKnownFileType = sourcecode.c.h; path = Exp13ViewController.h; sourceTree = "<group>"; };
		AD8855511E6025E400159E02 /* Exp13ViewController.m */ = {isa = PBXFileReference; fileEncoding = 4; lastKnownFileType = sourcecode.c.objc; path = Exp13ViewController.m; sourceTree = "<group>"; };
		AD8855521E6025E400159E02 /* Exp14ViewController.h */ = {isa = PBXFileReference; fileEncoding = 4; lastKnownFileType = sourcecode.c.h; path = Exp14ViewController.h; sourceTree = "<group>"; };
		AD8855531E6025E400159E02 /* Exp14ViewController.m */ = {isa = PBXFileReference; fileEncoding = 4; lastKnownFileType = sourcecode.c.objc; path = Exp14ViewController.m; sourceTree = "<group>"; };
		AD8855541E6025E400159E02 /* Exp15ViewController.h */ = {isa = PBXFileReference; fileEncoding = 4; lastKnownFileType = sourcecode.c.h; path = Exp15ViewController.h; sourceTree = "<group>"; };
		AD8855551E6025E400159E02 /* Exp15ViewController.m */ = {isa = PBXFileReference; fileEncoding = 4; lastKnownFileType = sourcecode.c.objc; path = Exp15ViewController.m; sourceTree = "<group>"; };
		AD8855561E6025E400159E02 /* Exp16ViewController.h */ = {isa = PBXFileReference; fileEncoding = 4; lastKnownFileType = sourcecode.c.h; path = Exp16ViewController.h; sourceTree = "<group>"; };
		AD8855571E6025E400159E02 /* Exp16ViewController.m */ = {isa = PBXFileReference; fileEncoding = 4; lastKnownFileType = sourcecode.c.objc; path = Exp16ViewController.m; sourceTree = "<group>"; };
		AD8855581E6025E400159E02 /* Exp17ViewController.h */ = {isa = PBXFileReference; fileEncoding = 4; lastKnownFileType = sourcecode.c.h; path = Exp17ViewController.h; sourceTree = "<group>"; };
		AD8855591E6025E400159E02 /* Exp17ViewController.m */ = {isa = PBXFileReference; fileEncoding = 4; lastKnownFileType = sourcecode.c.objc; path = Exp17ViewController.m; sourceTree = "<group>"; };
		AD88555A1E6025E400159E02 /* Exp18ViewController.h */ = {isa = PBXFileReference; fileEncoding = 4; lastKnownFileType = sourcecode.c.h; path = Exp18ViewController.h; sourceTree = "<group>"; };
		AD88555B1E6025E400159E02 /* Exp18ViewController.m */ = {isa = PBXFileReference; fileEncoding = 4; lastKnownFileType = sourcecode.c.objc; path = Exp18ViewController.m; sourceTree = "<group>"; };
		AD88555C1E6025E400159E02 /* Exp19ViewController.h */ = {isa = PBXFileReference; fileEncoding = 4; lastKnownFileType = sourcecode.c.h; path = Exp19ViewController.h; sourceTree = "<group>"; };
		AD88555D1E6025E400159E02 /* Exp19ViewController.m */ = {isa = PBXFileReference; fileEncoding = 4; lastKnownFileType = sourcecode.c.objc; path = Exp19ViewController.m; sourceTree = "<group>"; };
		AD88555E1E6025E400159E02 /* Exp1ViewController.h */ = {isa = PBXFileReference; fileEncoding = 4; lastKnownFileType = sourcecode.c.h; path = Exp1ViewController.h; sourceTree = "<group>"; };
		AD88555F1E6025E400159E02 /* Exp1ViewController.m */ = {isa = PBXFileReference; fileEncoding = 4; lastKnownFileType = sourcecode.c.objc; path = Exp1ViewController.m; sourceTree = "<group>"; };
		AD8855601E6025E400159E02 /* Exp20ViewController.h */ = {isa = PBXFileReference; fileEncoding = 4; lastKnownFileType = sourcecode.c.h; path = Exp20ViewController.h; sourceTree = "<group>"; };
		AD8855611E6025E400159E02 /* Exp20ViewController.m */ = {isa = PBXFileReference; fileEncoding = 4; lastKnownFileType = sourcecode.c.objc; path = Exp20ViewController.m; sourceTree = "<group>"; };
		AD8855621E6025E400159E02 /* Exp2ViewController.h */ = {isa = PBXFileReference; fileEncoding = 4; lastKnownFileType = sourcecode.c.h; path = Exp2ViewController.h; sourceTree = "<group>"; };
		AD8855631E6025E400159E02 /* Exp2ViewController.m */ = {isa = PBXFileReference; fileEncoding = 4; lastKnownFileType = sourcecode.c.objc; path = Exp2ViewController.m; sourceTree = "<group>"; };
		AD8855641E6025E400159E02 /* Exp3ViewController.h */ = {isa = PBXFileReference; fileEncoding = 4; lastKnownFileType = sourcecode.c.h; path = Exp3ViewController.h; sourceTree = "<group>"; };
		AD8855651E6025E400159E02 /* Exp3ViewController.m */ = {isa = PBXFileReference; fileEncoding = 4; lastKnownFileType = sourcecode.c.objc; path = Exp3ViewController.m; sourceTree = "<group>"; };
		AD8855661E6025E400159E02 /* Exp4ViewController.h */ = {isa = PBXFileReference; fileEncoding = 4; lastKnownFileType = sourcecode.c.h; path = Exp4ViewController.h; sourceTree = "<group>"; };
		AD8855671E6025E400159E02 /* Exp4ViewController.m */ = {isa = PBXFileReference; fileEncoding = 4; lastKnownFileType = sourcecode.c.objc; path = Exp4ViewController.m; sourceTree = "<group>"; };
		AD8855681E6025E400159E02 /* Exp5ViewController.h */ = {isa = PBXFileReference; fileEncoding = 4; lastKnownFileType = sourcecode.c.h; path = Exp5ViewController.h; sourceTree = "<group>"; };
		AD8855691E6025E400159E02 /* Exp5ViewController.m */ = {isa = PBXFileReference; fileEncoding = 4; lastKnownFileType = sourcecode.c.objc; path = Exp5ViewController.m; sourceTree = "<group>"; };
		AD88556A1E6025E400159E02 /* Exp6ViewController.h */ = {isa = PBXFileReference; fileEncoding = 4; lastKnownFileType = sourcecode.c.h; path = Exp6ViewController.h; sourceTree = "<group>"; };
		AD88556B1E6025E400159E02 /* Exp6ViewController.m */ = {isa = PBXFileReference; fileEncoding = 4; lastKnownFileType = sourcecode.c.objc; path = Exp6ViewController.m; sourceTree = "<group>"; };
		AD88556C1E6025E400159E02 /* Exp7ViewController.h */ = {isa = PBXFileReference; fileEncoding = 4; lastKnownFileType = sourcecode.c.h; path = Exp7ViewController.h; sourceTree = "<group>"; };
		AD88556D1E6025E400159E02 /* Exp7ViewController.m */ = {isa = PBXFileReference; fileEncoding = 4; lastKnownFileType = sourcecode.c.objc; path = Exp7ViewController.m; sourceTree = "<group>"; };
		AD88556E1E6025E400159E02 /* Exp8ViewController.h */ = {isa = PBXFileReference; fileEncoding = 4; lastKnownFileType = sourcecode.c.h; path = Exp8ViewController.h; sourceTree = "<group>"; };
		AD88556F1E6025E400159E02 /* Exp8ViewController.m */ = {isa = PBXFileReference; fileEncoding = 4; lastKnownFileType = sourcecode.c.objc; path = Exp8ViewController.m; sourceTree = "<group>"; };
		AD8855701E6025E400159E02 /* Exp9ViewController.h */ = {isa = PBXFileReference; fileEncoding = 4; lastKnownFileType = sourcecode.c.h; path = Exp9ViewController.h; sourceTree = "<group>"; };
		AD8855711E6025E400159E02 /* Exp9ViewController.m */ = {isa = PBXFileReference; fileEncoding = 4; lastKnownFileType = sourcecode.c.objc; path = Exp9ViewController.m; sourceTree = "<group>"; };
		AD8855721E6025E400159E02 /* ExpRootViewController.h */ = {isa = PBXFileReference; fileEncoding = 4; lastKnownFileType = sourcecode.c.h; path = ExpRootViewController.h; sourceTree = "<group>"; };
		AD8855731E6025E400159E02 /* ExpRootViewController.m */ = {isa = PBXFileReference; fileEncoding = 4; lastKnownFileType = sourcecode.c.objc; path = ExpRootViewController.m; sourceTree = "<group>"; };
		AD8855751E6025E400159E02 /* UIColor+ZExtension.h */ = {isa = PBXFileReference; fileEncoding = 4; lastKnownFileType = sourcecode.c.h; path = "UIColor+ZExtension.h"; sourceTree = "<group>"; };
		AD8855761E6025E400159E02 /* UIColor+ZExtension.m */ = {isa = PBXFileReference; fileEncoding = 4; lastKnownFileType = sourcecode.c.objc; path = "UIColor+ZExtension.m"; sourceTree = "<group>"; };
		AD8855771E6025E400159E02 /* UIView+ZExtension.h */ = {isa = PBXFileReference; fileEncoding = 4; lastKnownFileType = sourcecode.c.h; path = "UIView+ZExtension.h"; sourceTree = "<group>"; };
		AD8855781E6025E400159E02 /* UIView+ZExtension.m */ = {isa = PBXFileReference; fileEncoding = 4; lastKnownFileType = sourcecode.c.objc; path = "UIView+ZExtension.m"; sourceTree = "<group>"; };
		AD9C80091E5AD3E7005C2AFA /* FontTest.app */ = {isa = PBXFileReference; explicitFileType = wrapper.application; includeInIndex = 0; path = FontTest.app; sourceTree = BUILT_PRODUCTS_DIR; };
		AD9C800D1E5AD3E7005C2AFA /* main.m */ = {isa = PBXFileReference; lastKnownFileType = sourcecode.c.objc; path = main.m; sourceTree = "<group>"; };
		AD9C800F1E5AD3E7005C2AFA /* AppDelegate.h */ = {isa = PBXFileReference; lastKnownFileType = sourcecode.c.h; path = AppDelegate.h; sourceTree = "<group>"; };
		AD9C80101E5AD3E7005C2AFA /* AppDelegate.m */ = {isa = PBXFileReference; lastKnownFileType = sourcecode.c.objc; path = AppDelegate.m; sourceTree = "<group>"; };
		AD9C80121E5AD3E7005C2AFA /* ViewController.h */ = {isa = PBXFileReference; lastKnownFileType = sourcecode.c.h; path = ViewController.h; sourceTree = "<group>"; };
		AD9C80131E5AD3E7005C2AFA /* ViewController.m */ = {isa = PBXFileReference; lastKnownFileType = sourcecode.c.objc; path = ViewController.m; sourceTree = "<group>"; };
		AD9C80161E5AD3E7005C2AFA /* Base */ = {isa = PBXFileReference; lastKnownFileType = file.storyboard; name = Base; path = Base.lproj/Main.storyboard; sourceTree = "<group>"; };
		AD9C80181E5AD3E7005C2AFA /* Assets.xcassets */ = {isa = PBXFileReference; lastKnownFileType = folder.assetcatalog; path = Assets.xcassets; sourceTree = "<group>"; };
		AD9C801B1E5AD3E7005C2AFA /* Base */ = {isa = PBXFileReference; lastKnownFileType = file.storyboard; name = Base; path = Base.lproj/LaunchScreen.storyboard; sourceTree = "<group>"; };
		AD9C801D1E5AD3E7005C2AFA /* Info.plist */ = {isa = PBXFileReference; lastKnownFileType = text.plist.xml; path = Info.plist; sourceTree = "<group>"; };
		AD9C80A61E5D8368005C2AFA /* ZConst.h */ = {isa = PBXFileReference; fileEncoding = 4; lastKnownFileType = sourcecode.c.h; path = ZConst.h; sourceTree = "<group>"; };
/* End PBXFileReference section */

/* Begin PBXFrameworksBuildPhase section */
		AD9C80061E5AD3E7005C2AFA /* Frameworks */ = {
			isa = PBXFrameworksBuildPhase;
			buildActionMask = 2147483647;
			files = (
			);
			runOnlyForDeploymentPostprocessing = 0;
		};
/* End PBXFrameworksBuildPhase section */

/* Begin PBXGroup section */
		AD8855471E6025E300159E02 /* Exps */ = {
			isa = PBXGroup;
			children = (
				AD8855481E6025E300159E02 /* Exp0ViewController.h */,
				AD8855491E6025E300159E02 /* Exp0ViewController.m */,
				AD88554A1E6025E300159E02 /* Exp10ViewController.h */,
				AD88554B1E6025E300159E02 /* Exp10ViewController.m */,
				AD88554C1E6025E300159E02 /* Exp11ViewController.h */,
				AD88554D1E6025E300159E02 /* Exp11ViewController.m */,
				AD88554E1E6025E300159E02 /* Exp12ViewController.h */,
				AD88554F1E6025E400159E02 /* Exp12ViewController.m */,
				AD8855501E6025E400159E02 /* Exp13ViewController.h */,
				AD8855511E6025E400159E02 /* Exp13ViewController.m */,
				AD8855521E6025E400159E02 /* Exp14ViewController.h */,
				AD8855531E6025E400159E02 /* Exp14ViewController.m */,
				AD8855541E6025E400159E02 /* Exp15ViewController.h */,
				AD8855551E6025E400159E02 /* Exp15ViewController.m */,
				AD8855561E6025E400159E02 /* Exp16ViewController.h */,
				AD8855571E6025E400159E02 /* Exp16ViewController.m */,
				AD8855581E6025E400159E02 /* Exp17ViewController.h */,
				AD8855591E6025E400159E02 /* Exp17ViewController.m */,
				AD88555A1E6025E400159E02 /* Exp18ViewController.h */,
				AD88555B1E6025E400159E02 /* Exp18ViewController.m */,
				AD88555C1E6025E400159E02 /* Exp19ViewController.h */,
				AD88555D1E6025E400159E02 /* Exp19ViewController.m */,
				AD88555E1E6025E400159E02 /* Exp1ViewController.h */,
				AD88555F1E6025E400159E02 /* Exp1ViewController.m */,
				AD8855601E6025E400159E02 /* Exp20ViewController.h */,
				AD8855611E6025E400159E02 /* Exp20ViewController.m */,
				AD8855621E6025E400159E02 /* Exp2ViewController.h */,
				AD8855631E6025E400159E02 /* Exp2ViewController.m */,
				AD8855641E6025E400159E02 /* Exp3ViewController.h */,
				AD8855651E6025E400159E02 /* Exp3ViewController.m */,
				AD8855661E6025E400159E02 /* Exp4ViewController.h */,
				AD8855671E6025E400159E02 /* Exp4ViewController.m */,
				AD8855681E6025E400159E02 /* Exp5ViewController.h */,
				AD8855691E6025E400159E02 /* Exp5ViewController.m */,
				AD88556A1E6025E400159E02 /* Exp6ViewController.h */,
				AD88556B1E6025E400159E02 /* Exp6ViewController.m */,
				AD88556C1E6025E400159E02 /* Exp7ViewController.h */,
				AD88556D1E6025E400159E02 /* Exp7ViewController.m */,
				AD88556E1E6025E400159E02 /* Exp8ViewController.h */,
				AD88556F1E6025E400159E02 /* Exp8ViewController.m */,
				AD8855701E6025E400159E02 /* Exp9ViewController.h */,
				AD8855711E6025E400159E02 /* Exp9ViewController.m */,
				AD8855721E6025E400159E02 /* ExpRootViewController.h */,
				AD8855731E6025E400159E02 /* ExpRootViewController.m */,
			);
			path = Exps;
			sourceTree = "<group>";
		};
		AD8855741E6025E400159E02 /* Extension */ = {
			isa = PBXGroup;
			children = (
				AD8855751E6025E400159E02 /* UIColor+ZExtension.h */,
				AD8855761E6025E400159E02 /* UIColor+ZExtension.m */,
				AD8855771E6025E400159E02 /* UIView+ZExtension.h */,
				AD8855781E6025E400159E02 /* UIView+ZExtension.m */,
			);
			path = Extension;
			sourceTree = "<group>";
		};
		AD9C80001E5AD3E7005C2AFA = {
			isa = PBXGroup;
			children = (
				AD9C800B1E5AD3E7005C2AFA /* FontTest */,
				AD9C800A1E5AD3E7005C2AFA /* Products */,
			);
			sourceTree = "<group>";
		};
		AD9C800A1E5AD3E7005C2AFA /* Products */ = {
			isa = PBXGroup;
			children = (
				AD9C80091E5AD3E7005C2AFA /* FontTest.app */,
			);
			name = Products;
			sourceTree = "<group>";
		};
		AD9C800B1E5AD3E7005C2AFA /* FontTest */ = {
			isa = PBXGroup;
			children = (
				AD9C80121E5AD3E7005C2AFA /* ViewController.h */,
				AD9C80131E5AD3E7005C2AFA /* ViewController.m */,
				AD8855471E6025E300159E02 /* Exps */,
				AD8855741E6025E400159E02 /* Extension */,
				AD9C800C1E5AD3E7005C2AFA /* Supporting Files */,
			);
			path = FontTest;
			sourceTree = "<group>";
		};
		AD9C800C1E5AD3E7005C2AFA /* Supporting Files */ = {
			isa = PBXGroup;
			children = (
				AD9C800F1E5AD3E7005C2AFA /* AppDelegate.h */,
				AD9C80101E5AD3E7005C2AFA /* AppDelegate.m */,
				AD9C80A61E5D8368005C2AFA /* ZConst.h */,
				AD9C80151E5AD3E7005C2AFA /* Main.storyboard */,
				AD9C80181E5AD3E7005C2AFA /* Assets.xcassets */,
				AD9C801A1E5AD3E7005C2AFA /* LaunchScreen.storyboard */,
				AD9C801D1E5AD3E7005C2AFA /* Info.plist */,
				AD9C800D1E5AD3E7005C2AFA /* main.m */,
			);
			name = "Supporting Files";
			sourceTree = "<group>";
		};
/* End PBXGroup section */

/* Begin PBXNativeTarget section */
		AD9C80081E5AD3E7005C2AFA /* FontTest */ = {
			isa = PBXNativeTarget;
			buildConfigurationList = AD9C80201E5AD3E7005C2AFA /* Build configuration list for PBXNativeTarget "FontTest" */;
			buildPhases = (
				AD9C80051E5AD3E7005C2AFA /* Sources */,
				AD9C80061E5AD3E7005C2AFA /* Frameworks */,
				AD9C80071E5AD3E7005C2AFA /* Resources */,
			);
			buildRules = (
			);
			dependencies = (
			);
			name = FontTest;
			productName = FontTest;
			productReference = AD9C80091E5AD3E7005C2AFA /* FontTest.app */;
			productType = "com.apple.product-type.application";
		};
/* End PBXNativeTarget section */

/* Begin PBXProject section */
		AD9C80011E5AD3E7005C2AFA /* Project object */ = {
			isa = PBXProject;
			attributes = {
				LastUpgradeCheck = 0820;
				ORGANIZATIONNAME = Z;
				TargetAttributes = {
					AD9C80081E5AD3E7005C2AFA = {
						CreatedOnToolsVersion = 8.2.1;
						ProvisioningStyle = Automatic;
					};
				};
			};
			buildConfigurationList = AD9C80041E5AD3E7005C2AFA /* Build configuration list for PBXProject "FontTest" */;
			compatibilityVersion = "Xcode 3.2";
			developmentRegion = English;
			hasScannedForEncodings = 0;
			knownRegions = (
				en,
				Base,
			);
			mainGroup = AD9C80001E5AD3E7005C2AFA;
			productRefGroup = AD9C800A1E5AD3E7005C2AFA /* Products */;
			projectDirPath = "";
			projectRoot = "";
			targets = (
				AD9C80081E5AD3E7005C2AFA /* FontTest */,
			);
		};
/* End PBXProject section */

/* Begin PBXResourcesBuildPhase section */
		AD9C80071E5AD3E7005C2AFA /* Resources */ = {
			isa = PBXResourcesBuildPhase;
			buildActionMask = 2147483647;
			files = (
				AD9C801C1E5AD3E7005C2AFA /* LaunchScreen.storyboard in Resources */,
				AD9C80191E5AD3E7005C2AFA /* Assets.xcassets in Resources */,
				AD9C80171E5AD3E7005C2AFA /* Main.storyboard in Resources */,
			);
			runOnlyForDeploymentPostprocessing = 0;
		};
/* End PBXResourcesBuildPhase section */

/* Begin PBXSourcesBuildPhase section */
		AD9C80051E5AD3E7005C2AFA /* Sources */ = {
			isa = PBXSourcesBuildPhase;
			buildActionMask = 2147483647;
			files = (
				AD88558F1E6025E400159E02 /* UIColor+ZExtension.m in Sources */,
				AD8855891E6025E400159E02 /* Exp5ViewController.m in Sources */,
				AD88557F1E6025E400159E02 /* Exp15ViewController.m in Sources */,
				AD8855901E6025E400159E02 /* UIView+ZExtension.m in Sources */,
				AD88558E1E6025E400159E02 /* ExpRootViewController.m in Sources */,
				AD88557D1E6025E400159E02 /* Exp13ViewController.m in Sources */,
				AD8855831E6025E400159E02 /* Exp19ViewController.m in Sources */,
				AD9C80141E5AD3E7005C2AFA /* ViewController.m in Sources */,
				AD8855821E6025E400159E02 /* Exp18ViewController.m in Sources */,
				AD8855801E6025E400159E02 /* Exp16ViewController.m in Sources */,
				AD8855811E6025E400159E02 /* Exp17ViewController.m in Sources */,
				AD88558B1E6025E400159E02 /* Exp7ViewController.m in Sources */,
				AD9C80111E5AD3E7005C2AFA /* AppDelegate.m in Sources */,
				AD8855871E6025E400159E02 /* Exp3ViewController.m in Sources */,
				AD88557E1E6025E400159E02 /* Exp14ViewController.m in Sources */,
				AD88558D1E6025E400159E02 /* Exp9ViewController.m in Sources */,
				AD88557B1E6025E400159E02 /* Exp11ViewController.m in Sources */,
				AD88557C1E6025E400159E02 /* Exp12ViewController.m in Sources */,
				AD8855861E6025E400159E02 /* Exp2ViewController.m in Sources */,
				AD88558A1E6025E400159E02 /* Exp6ViewController.m in Sources */,
				AD9C800E1E5AD3E7005C2AFA /* main.m in Sources */,
				AD8855841E6025E400159E02 /* Exp1ViewController.m in Sources */,
				AD88557A1E6025E400159E02 /* Exp10ViewController.m in Sources */,
				AD88558C1E6025E400159E02 /* Exp8ViewController.m in Sources */,
				AD8855851E6025E400159E02 /* Exp20ViewController.m in Sources */,
				AD8855791E6025E400159E02 /* Exp0ViewController.m in Sources */,
				AD8855881E6025E400159E02 /* Exp4ViewController.m in Sources */,
			);
			runOnlyForDeploymentPostprocessing = 0;
		};
/* End PBXSourcesBuildPhase section */

/* Begin PBXVariantGroup section */
		AD9C80151E5AD3E7005C2AFA /* Main.storyboard */ = {
			isa = PBXVariantGroup;
			children = (
				AD9C80161E5AD3E7005C2AFA /* Base */,
			);
			name = Main.storyboard;
			sourceTree = "<group>";
		};
		AD9C801A1E5AD3E7005C2AFA /* LaunchScreen.storyboard */ = {
			isa = PBXVariantGroup;
			children = (
				AD9C801B1E5AD3E7005C2AFA /* Base */,
			);
			name = LaunchScreen.storyboard;
			sourceTree = "<group>";
		};
/* End PBXVariantGroup section */

/* Begin XCBuildConfiguration section */
		AD9C801E1E5AD3E7005C2AFA /* Debug */ = {
			isa = XCBuildConfiguration;
			buildSettings = {
				ALWAYS_SEARCH_USER_PATHS = NO;
				CLANG_ANALYZER_NONNULL = YES;
				CLANG_CXX_LANGUAGE_STANDARD = "gnu++0x";
				CLANG_CXX_LIBRARY = "libc++";
				CLANG_ENABLE_MODULES = YES;
				CLANG_ENABLE_OBJC_ARC = YES;
				CLANG_WARN_BOOL_CONVERSION = YES;
				CLANG_WARN_CONSTANT_CONVERSION = YES;
				CLANG_WARN_DIRECT_OBJC_ISA_USAGE = YES_ERROR;
				CLANG_WARN_DOCUMENTATION_COMMENTS = YES;
				CLANG_WARN_EMPTY_BODY = YES;
				CLANG_WARN_ENUM_CONVERSION = YES;
				CLANG_WARN_INFINITE_RECURSION = YES;
				CLANG_WARN_INT_CONVERSION = YES;
				CLANG_WARN_OBJC_ROOT_CLASS = YES_ERROR;
				CLANG_WARN_SUSPICIOUS_MOVE = YES;
				CLANG_WARN_UNREACHABLE_CODE = YES;
				CLANG_WARN__DUPLICATE_METHOD_MATCH = YES;
				"CODE_SIGN_IDENTITY[sdk=iphoneos*]" = "iPhone Developer";
				COPY_PHASE_STRIP = NO;
				DEBUG_INFORMATION_FORMAT = dwarf;
				ENABLE_STRICT_OBJC_MSGSEND = YES;
				ENABLE_TESTABILITY = YES;
				GCC_C_LANGUAGE_STANDARD = gnu99;
				GCC_DYNAMIC_NO_PIC = NO;
				GCC_NO_COMMON_BLOCKS = YES;
				GCC_OPTIMIZATION_LEVEL = 0;
				GCC_PREPROCESSOR_DEFINITIONS = (
					"DEBUG=1",
					"$(inherited)",
				);
				GCC_WARN_64_TO_32_BIT_CONVERSION = YES;
				GCC_WARN_ABOUT_RETURN_TYPE = YES_ERROR;
				GCC_WARN_UNDECLARED_SELECTOR = YES;
				GCC_WARN_UNINITIALIZED_AUTOS = YES_AGGRESSIVE;
				GCC_WARN_UNUSED_FUNCTION = YES;
				GCC_WARN_UNUSED_VARIABLE = YES;
				IPHONEOS_DEPLOYMENT_TARGET = 10.2;
				MTL_ENABLE_DEBUG_INFO = YES;
				ONLY_ACTIVE_ARCH = YES;
				SDKROOT = iphoneos;
				TARGETED_DEVICE_FAMILY = "1,2";
			};
			name = Debug;
		};
		AD9C801F1E5AD3E7005C2AFA /* Release */ = {
			isa = XCBuildConfiguration;
			buildSettings = {
				ALWAYS_SEARCH_USER_PATHS = NO;
				CLANG_ANALYZER_NONNULL = YES;
				CLANG_CXX_LANGUAGE_STANDARD = "gnu++0x";
				CLANG_CXX_LIBRARY = "libc++";
				CLANG_ENABLE_MODULES = YES;
				CLANG_ENABLE_OBJC_ARC = YES;
				CLANG_WARN_BOOL_CONVERSION = YES;
				CLANG_WARN_CONSTANT_CONVERSION = YES;
				CLANG_WARN_DIRECT_OBJC_ISA_USAGE = YES_ERROR;
				CLANG_WARN_DOCUMENTATION_COMMENTS = YES;
				CLANG_WARN_EMPTY_BODY = YES;
				CLANG_WARN_ENUM_CONVERSION = YES;
				CLANG_WARN_INFINITE_RECURSION = YES;
				CLANG_WARN_INT_CONVERSION = YES;
				CLANG_WARN_OBJC_ROOT_CLASS = YES_ERROR;
				CLANG_WARN_SUSPICIOUS_MOVE = YES;
				CLANG_WARN_UNREACHABLE_CODE = YES;
				CLANG_WARN__DUPLICATE_METHOD_MATCH = YES;
				"CODE_SIGN_IDENTITY[sdk=iphoneos*]" = "iPhone Developer";
				COPY_PHASE_STRIP = NO;
				DEBUG_INFORMATION_FORMAT = "dwarf-with-dsym";
				ENABLE_NS_ASSERTIONS = NO;
				ENABLE_STRICT_OBJC_MSGSEND = YES;
				GCC_C_LANGUAGE_STANDARD = gnu99;
				GCC_NO_COMMON_BLOCKS = YES;
				GCC_WARN_64_TO_32_BIT_CONVERSION = YES;
				GCC_WARN_ABOUT_RETURN_TYPE = YES_ERROR;
				GCC_WARN_UNDECLARED_SELECTOR = YES;
				GCC_WARN_UNINITIALIZED_AUTOS = YES_AGGRESSIVE;
				GCC_WARN_UNUSED_FUNCTION = YES;
				GCC_WARN_UNUSED_VARIABLE = YES;
				IPHONEOS_DEPLOYMENT_TARGET = 10.2;
				MTL_ENABLE_DEBUG_INFO = NO;
				SDKROOT = iphoneos;
				TARGETED_DEVICE_FAMILY = "1,2";
				VALIDATE_PRODUCT = YES;
			};
			name = Release;
		};
		AD9C80211E5AD3E7005C2AFA /* Debug */ = {
			isa = XCBuildConfiguration;
			buildSettings = {
				ASSETCATALOG_COMPILER_APPICON_NAME = AppIcon;
				INFOPLIST_FILE = FontTest/Info.plist;
				LD_RUNPATH_SEARCH_PATHS = "$(inherited) @executable_path/Frameworks";
				PRODUCT_BUNDLE_IDENTIFIER = Zhang.yD.FontTest;
				PRODUCT_NAME = "$(TARGET_NAME)";
			};
			name = Debug;
		};
		AD9C80221E5AD3E7005C2AFA /* Release */ = {
			isa = XCBuildConfiguration;
			buildSettings = {
				ASSETCATALOG_COMPILER_APPICON_NAME = AppIcon;
				INFOPLIST_FILE = FontTest/Info.plist;
				LD_RUNPATH_SEARCH_PATHS = "$(inherited) @executable_path/Frameworks";
				PRODUCT_BUNDLE_IDENTIFIER = Zhang.yD.FontTest;
				PRODUCT_NAME = "$(TARGET_NAME)";
			};
			name = Release;
		};
/* End XCBuildConfiguration section */

/* Begin XCConfigurationList section */
		AD9C80041E5AD3E7005C2AFA /* Build configuration list for PBXProject "FontTest" */ = {
			isa = XCConfigurationList;
			buildConfigurations = (
				AD9C801E1E5AD3E7005C2AFA /* Debug */,
				AD9C801F1E5AD3E7005C2AFA /* Release */,
			);
			defaultConfigurationIsVisible = 0;
			defaultConfigurationName = Release;
		};
		AD9C80201E5AD3E7005C2AFA /* Build configuration list for PBXNativeTarget "FontTest" */ = {
			isa = XCConfigurationList;
			buildConfigurations = (
				AD9C80211E5AD3E7005C2AFA /* Debug */,
				AD9C80221E5AD3E7005C2AFA /* Release */,
			);
			defaultConfigurationIsVisible = 0;
			defaultConfigurationName = Release;
		};
/* End XCConfigurationList section */
	};
	rootObject = AD9C80011E5AD3E7005C2AFA /* Project object */;
}
